{
    "name": "extract_cldr",
    "version": "0.0.0",
    "lockfileVersion": 1,
    "requires": true,
    "dependencies": {
        "cldr-core": {
            "version": "31.0.1",
            "resolved": "https://registry.npmjs.org/cldr-core/-/cldr-core-31.0.1.tgz",
            "integrity": "sha1-JLPVk1nviQWVZl5ajKKeU5AcbVQ="
        },
        "cldr-dates-modern": {
            "version": "31.0.1",
            "resolved": "https://registry.npmjs.org/cldr-dates-modern/-/cldr-dates-modern-31.0.1.tgz",
            "integrity": "sha1-h+uVo54HqL+m6p4cXt/oxg27tMM="
        },
        "cldr-numbers-modern": {
            "version": "31.0.1",
            "resolved": "https://registry.npmjs.org/cldr-numbers-modern/-/cldr-numbers-modern-31.0.1.tgz",
            "integrity": "sha1-WhMrmNLz8GDdJRIIIA7yN0/d3Xc="
        },
        "language-subtag-registry": {
            "version": "0.3.18",
            "resolved": "https://registry.npmjs.org/language-subtag-registry/-/language-subtag-registry-0.3.18.tgz",
            "integrity": "sha1-gM/oSN+I97+Ajb2tCyjn+iw1eN0="
        }
    }
}
