{
    "name": "extract_cldr",
    "version": "0.0.0",
    "lockfileVersion": 1,
    "requires": true,
    "dependencies": {
        "language-subtag-registry": {
            "version": "0.3.18",
            "resolved": "https://registry.npmjs.org/language-subtag-registry/-/language-subtag-registry-0.3.18.tgz",
            "integrity": "sha1-gM/oSN+I97+Ajb2tCyjn+iw1eN0="
        }
    }
}
